{
    "_meta": {
        "hash": {
            "sha256": "8b032da0f38b669ce90144fb336ce187c15d04506a155487d4f1f3684a1a0072"
        },
        "pipfile-spec": 6,
        "requires": {
            "python_version": "3.9"
        },
        "sources": [
            {
                "name": "pypi",
                "url": "https://pypi.org/simple",
                "verify_ssl": true
            }
        ]
    },
    "default": {
        "click": {
            "version": "==8.0.0"
        },
        "requests": {
            "version": "==2.27.1"
        },
        "rich": {
            "version": "==11.1.0"
        }
    },
    "develop": {
        "isort": {
            "version": "==5.9.3"
        },
        "pytest": {
            "version": "==6.2.5"
        },
        "pylint": {
            "version": "==2.12.2"
        }
    }
}
